
Microsoft Visual Studio Solution File, Format Version 12.00
# Visual Studio Version 17
VisualStudioVersion = 17.1.32421.90
MinimumVisualStudioVersion = 10.0.40219.1
Project("{9A19103F-16F7-4668-BE54-9A1E7A4F7556}") = "VoyageCare.Server", "VoyageCare\Server\VoyageCare.Server.csproj", "{7AD5A796-11DC-43ED-82E2-9B68FC31E438}"
EndProject
Project("{9A19103F-16F7-4668-BE54-9A1E7A4F7556}") = "VoyageCare.GUI", "VoyageCare\Client\VoyageCare.GUI.csproj", "{3D90C867-ECA0-4C47-B5FF-5B35918BB933}"
EndProject
Project("{9A19103F-16F7-4668-BE54-9A1E7A4F7556}") = "VoyageCare.Shared", "VoyageCare\Shared\VoyageCare.Shared.csproj", "{508264A5-6B63-4333-AD8E-ABF102E435E0}"
EndProject
Global
	GlobalSection(SolutionConfigurationPlatforms) = preSolution
		Debug|Any CPU = Debug|Any CPU
		Release|Any CPU = Release|Any CPU
	EndGlobalSection
	GlobalSection(ProjectConfigurationPlatforms) = postSolution
		{7AD5A796-11DC-43ED-82E2-9B68FC31E438}.Debug|Any CPU.ActiveCfg = Debug|Any CPU
		{7AD5A796-11DC-43ED-82E2-9B68FC31E438}.Debug|Any CPU.Build.0 = Debug|Any CPU
		{7AD5A796-11DC-43ED-82E2-9B68FC31E438}.Release|Any CPU.ActiveCfg = Release|Any CPU
		{7AD5A796-11DC-43ED-82E2-9B68FC31E438}.Release|Any CPU.Build.0 = Release|Any CPU
		{3D90C867-ECA0-4C47-B5FF-5B35918BB933}.Debug|Any CPU.ActiveCfg = Debug|Any CPU
		{3D90C867-ECA0-4C47-B5FF-5B35918BB933}.Debug|Any CPU.Build.0 = Debug|Any CPU
		{3D90C867-ECA0-4C47-B5FF-5B35918BB933}.Release|Any CPU.ActiveCfg = Release|Any CPU
		{3D90C867-ECA0-4C47-B5FF-5B35918BB933}.Release|Any CPU.Build.0 = Release|Any CPU
		{508264A5-6B63-4333-AD8E-ABF102E435E0}.Debug|Any CPU.ActiveCfg = Debug|Any CPU
		{508264A5-6B63-4333-AD8E-ABF102E435E0}.Debug|Any CPU.Build.0 = Debug|Any CPU
		{508264A5-6B63-4333-AD8E-ABF102E435E0}.Release|Any CPU.ActiveCfg = Release|Any CPU
		{508264A5-6B63-4333-AD8E-ABF102E435E0}.Release|Any CPU.Build.0 = Release|Any CPU
	EndGlobalSection
	GlobalSection(SolutionProperties) = preSolution
		HideSolutionNode = FALSE
	EndGlobalSection
	GlobalSection(ExtensibilityGlobals) = postSolution
		SolutionGuid = {E64D4686-E15A-40EE-8A3B-E623A46A68AF}
	EndGlobalSection
EndGlobal
